
Microsoft Visual Studio Solution File, Format Version 12.00
# Visual Studio Version 17
VisualStudioVersion = 17.0.31903.59
MinimumVisualStudioVersion = 10.0.40219.1
Project("{FAE04EC0-301F-11D3-BF4B-00C04F79EFBC}") = "API", "API\API.csproj", "{68FF42D7-F4C1-4F22-92CE-4EA02B4A86CE}"
EndProject
Project("{FAE04EC0-301F-11D3-BF4B-00C04F79EFBC}") = "Application", "Application\Application.csproj", "{42AAB0FF-C8C3-408B-BFBA-CCF9EF8E783A}"
EndProject
Project("{FAE04EC0-301F-11D3-BF4B-00C04F79EFBC}") = "Domain", "Domain\Domain.csproj", "{41B6A646-79FB-4B5C-815B-BCD0B32F7FE8}"
EndProject
Project("{FAE04EC0-301F-11D3-BF4B-00C04F79EFBC}") = "Persistence", "Persistence\Persistence.csproj", "{D27F3345-9903-454E-B847-F142558C9F05}"
EndProject
Global
	GlobalSection(SolutionConfigurationPlatforms) = preSolution
		Debug|Any CPU = Debug|Any CPU
		Release|Any CPU = Release|Any CPU
	EndGlobalSection
	GlobalSection(SolutionProperties) = preSolution
		HideSolutionNode = FALSE
	EndGlobalSection
	GlobalSection(ProjectConfigurationPlatforms) = postSolution
		{68FF42D7-F4C1-4F22-92CE-4EA02B4A86CE}.Debug|Any CPU.ActiveCfg = Debug|Any CPU
		{68FF42D7-F4C1-4F22-92CE-4EA02B4A86CE}.Debug|Any CPU.Build.0 = Debug|Any CPU
		{68FF42D7-F4C1-4F22-92CE-4EA02B4A86CE}.Release|Any CPU.ActiveCfg = Release|Any CPU
		{68FF42D7-F4C1-4F22-92CE-4EA02B4A86CE}.Release|Any CPU.Build.0 = Release|Any CPU
		{42AAB0FF-C8C3-408B-BFBA-CCF9EF8E783A}.Debug|Any CPU.ActiveCfg = Debug|Any CPU
		{42AAB0FF-C8C3-408B-BFBA-CCF9EF8E783A}.Debug|Any CPU.Build.0 = Debug|Any CPU
		{42AAB0FF-C8C3-408B-BFBA-CCF9EF8E783A}.Release|Any CPU.ActiveCfg = Release|Any CPU
		{42AAB0FF-C8C3-408B-BFBA-CCF9EF8E783A}.Release|Any CPU.Build.0 = Release|Any CPU
		{41B6A646-79FB-4B5C-815B-BCD0B32F7FE8}.Debug|Any CPU.ActiveCfg = Debug|Any CPU
		{41B6A646-79FB-4B5C-815B-BCD0B32F7FE8}.Debug|Any CPU.Build.0 = Debug|Any CPU
		{41B6A646-79FB-4B5C-815B-BCD0B32F7FE8}.Release|Any CPU.ActiveCfg = Release|Any CPU
		{41B6A646-79FB-4B5C-815B-BCD0B32F7FE8}.Release|Any CPU.Build.0 = Release|Any CPU
		{D27F3345-9903-454E-B847-F142558C9F05}.Debug|Any CPU.ActiveCfg = Debug|Any CPU
		{D27F3345-9903-454E-B847-F142558C9F05}.Debug|Any CPU.Build.0 = Debug|Any CPU
		{D27F3345-9903-454E-B847-F142558C9F05}.Release|Any CPU.ActiveCfg = Release|Any CPU
		{D27F3345-9903-454E-B847-F142558C9F05}.Release|Any CPU.Build.0 = Release|Any CPU
	EndGlobalSection
EndGlobal
